{
    "_readme": [
        "This file locks the dependencies of your project to a known state",
        "Read more about it at https://getcomposer.org/doc/01-basic-usage.md#composer-lock-the-lock-file",
        "This file is @generated automatically"
    ],
    "hash": "3d40a3694d518f5cae0b80fb154414be",
    "content-hash": "3f5da5887d9d3e94dbe0b642a536a910",
    "packages": [
        {
            "name": "rexxars/morse",
            "version": "1.0.0",
            "source": {
                "type": "git",
                "url": "https://github.com/rexxars/morse-php.git",
                "reference": "4f8b8fe15639ddd6f9f030c06e9ccce844142ac9"
            },
            "dist": {
                "type": "zip",
                "url": "https://api.github.com/repos/rexxars/morse-php/zipball/4f8b8fe15639ddd6f9f030c06e9ccce844142ac9",
                "reference": "4f8b8fe15639ddd6f9f030c06e9ccce844142ac9",
                "shasum": ""
            },
            "require": {
                "php": ">=5.4.0"
            },
            "require-dev": {
                "phpunit/phpunit": "^4.8.11"
            },
            "type": "library",
            "autoload": {
                "psr-4": {
                    "Morse\\": "library/"
                }
            },
            "notification-url": "https://packagist.org/downloads/",
            "license": [
                "MIT"
            ],
            "authors": [
                {
                    "name": "Espen Hovlandsdal",
                    "email": "espen@hovlandsdal.com"
                }
            ],
            "description": "Generate morse code (text and/or wav-audio)",
            "time": "2015-11-04 22:20:15"
        },
        {
            "name": "symfony/http-foundation",
            "version": "v2.7.6",
            "source": {
                "type": "git",
                "url": "https://github.com/symfony/http-foundation.git",
                "reference": "7598eea151ae3d4134df1f9957364b17809eea75"
            },
            "dist": {
                "type": "zip",
                "url": "https://api.github.com/repos/symfony/http-foundation/zipball/7598eea151ae3d4134df1f9957364b17809eea75",
                "reference": "7598eea151ae3d4134df1f9957364b17809eea75",
                "shasum": ""
            },
            "require": {
                "php": ">=5.3.9"
            },
            "require-dev": {
                "symfony/expression-language": "~2.4"
            },
            "type": "library",
            "extra": {
                "branch-alias": {
                    "dev-master": "2.7-dev"
                }
            },
            "autoload": {
                "psr-4": {
                    "Symfony\\Component\\HttpFoundation\\": ""
                },
                "classmap": [
                    "Resources/stubs"
                ]
            },
            "notification-url": "https://packagist.org/downloads/",
            "license": [
                "MIT"
            ],
            "authors": [
                {
                    "name": "Fabien Potencier",
                    "email": "fabien@symfony.com"
                },
                {
                    "name": "Symfony Community",
                    "homepage": "https://symfony.com/contributors"
                }
            ],
            "description": "Symfony HttpFoundation Component",
            "homepage": "https://symfony.com",
            "time": "2015-10-23 14:47:27"
        }
    ],
    "packages-dev": [],
    "aliases": [],
    "minimum-stability": "stable",
    "stability-flags": [],
    "prefer-stable": false,
    "prefer-lowest": false,
    "platform": [],
    "platform-dev": []
}
